// !$*UTF8*$!
{
	archiveVersion = 1;
	classes = {
	};
	objectVersion = 46;
	objects = {

/* Begin PBXBuildFile section */
		476FCF3E147E9F52006C51BA /* SystemConfiguration.framework in Frameworks */ = {isa = PBXBuildFile; fileRef = 476FCF3D147E9F52006C51BA /* SystemConfiguration.framework */; };
		47A8B58A14802132007ABEC2 /* Playtomic.framework in Frameworks */ = {isa = PBXBuildFile; fileRef = 47A8B58914802132007ABEC2 /* Playtomic.framework */; };
		7881E3FB135FB42600B4E7F5 /* UIKit.framework in Frameworks */ = {isa = PBXBuildFile; fileRef = 7881E3FA135FB42600B4E7F5 /* UIKit.framework */; };
		7881E3FD135FB42600B4E7F5 /* Foundation.framework in Frameworks */ = {isa = PBXBuildFile; fileRef = 7881E3FC135FB42600B4E7F5 /* Foundation.framework */; };
		7881E3FF135FB42600B4E7F5 /* CoreGraphics.framework in Frameworks */ = {isa = PBXBuildFile; fileRef = 7881E3FE135FB42600B4E7F5 /* CoreGraphics.framework */; };
		7881E405135FB42600B4E7F5 /* InfoPlist.strings in Resources */ = {isa = PBXBuildFile; fileRef = 7881E403135FB42600B4E7F5 /* InfoPlist.strings */; };
		7881E408135FB42600B4E7F5 /* main.m in Sources */ = {isa = PBXBuildFile; fileRef = 7881E407135FB42600B4E7F5 /* main.m */; };
		7881E40B135FB42600B4E7F5 /* ObjectiveCTestAppDelegate.m in Sources */ = {isa = PBXBuildFile; fileRef = 7881E40A135FB42600B4E7F5 /* ObjectiveCTestAppDelegate.m */; };
		7881E40F135FB42700B4E7F5 /* ObjectiveCTestAppDelegate_iPhone.m in Sources */ = {isa = PBXBuildFile; fileRef = 7881E40E135FB42700B4E7F5 /* ObjectiveCTestAppDelegate_iPhone.m */; };
		7881E412135FB42700B4E7F5 /* MainWindow_iPhone.xib in Resources */ = {isa = PBXBuildFile; fileRef = 7881E410135FB42700B4E7F5 /* MainWindow_iPhone.xib */; };
		7881E416135FB42700B4E7F5 /* ObjectiveCTestAppDelegate_iPad.m in Sources */ = {isa = PBXBuildFile; fileRef = 7881E415135FB42700B4E7F5 /* ObjectiveCTestAppDelegate_iPad.m */; };
		7881E419135FB42700B4E7F5 /* MainWindow_iPad.xib in Resources */ = {isa = PBXBuildFile; fileRef = 7881E417135FB42700B4E7F5 /* MainWindow_iPad.xib */; };
		7881E421135FB46600B4E7F5 /* MyClass.m in Sources */ = {isa = PBXBuildFile; fileRef = 7881E420135FB46500B4E7F5 /* MyClass.m */; };
/* End PBXBuildFile section */

/* Begin PBXFileReference section */
		476FCF3D147E9F52006C51BA /* SystemConfiguration.framework */ = {isa = PBXFileReference; lastKnownFileType = wrapper.framework; name = SystemConfiguration.framework; path = System/Library/Frameworks/SystemConfiguration.framework; sourceTree = SDKROOT; };
		47A8B58914802132007ABEC2 /* Playtomic.framework */ = {isa = PBXFileReference; lastKnownFileType = wrapper.framework; name = Playtomic.framework; path = ../Playtomic/build/Framework/Playtomic.framework; sourceTree = "<group>"; };
		78565D9C137DDBA60062E5D5 /* ObjectiveCTest.app */ = {isa = PBXFileReference; explicitFileType = wrapper.application; includeInIndex = 0; path = ObjectiveCTest.app; sourceTree = BUILT_PRODUCTS_DIR; };
		7881E3FA135FB42600B4E7F5 /* UIKit.framework */ = {isa = PBXFileReference; lastKnownFileType = wrapper.framework; name = UIKit.framework; path = System/Library/Frameworks/UIKit.framework; sourceTree = SDKROOT; };
		7881E3FC135FB42600B4E7F5 /* Foundation.framework */ = {isa = PBXFileReference; lastKnownFileType = wrapper.framework; name = Foundation.framework; path = System/Library/Frameworks/Foundation.framework; sourceTree = SDKROOT; };
		7881E3FE135FB42600B4E7F5 /* CoreGraphics.framework */ = {isa = PBXFileReference; lastKnownFileType = wrapper.framework; name = CoreGraphics.framework; path = System/Library/Frameworks/CoreGraphics.framework; sourceTree = SDKROOT; };
		7881E402135FB42600B4E7F5 /* ObjectiveCTest-Info.plist */ = {isa = PBXFileReference; lastKnownFileType = text.plist.xml; path = "ObjectiveCTest-Info.plist"; sourceTree = "<group>"; };
		7881E404135FB42600B4E7F5 /* en */ = {isa = PBXFileReference; lastKnownFileType = text.plist.strings; name = en; path = en.lproj/InfoPlist.strings; sourceTree = "<group>"; };
		7881E406135FB42600B4E7F5 /* ObjectiveCTest-Prefix.pch */ = {isa = PBXFileReference; lastKnownFileType = sourcecode.c.h; path = "ObjectiveCTest-Prefix.pch"; sourceTree = "<group>"; };
		7881E407135FB42600B4E7F5 /* main.m */ = {isa = PBXFileReference; lastKnownFileType = sourcecode.c.objc; path = main.m; sourceTree = "<group>"; };
		7881E409135FB42600B4E7F5 /* ObjectiveCTestAppDelegate.h */ = {isa = PBXFileReference; lastKnownFileType = sourcecode.c.h; path = ObjectiveCTestAppDelegate.h; sourceTree = "<group>"; };
		7881E40A135FB42600B4E7F5 /* ObjectiveCTestAppDelegate.m */ = {isa = PBXFileReference; lastKnownFileType = sourcecode.c.objc; path = ObjectiveCTestAppDelegate.m; sourceTree = "<group>"; };
		7881E40D135FB42700B4E7F5 /* ObjectiveCTestAppDelegate_iPhone.h */ = {isa = PBXFileReference; lastKnownFileType = sourcecode.c.h; name = ObjectiveCTestAppDelegate_iPhone.h; path = iPhone/ObjectiveCTestAppDelegate_iPhone.h; sourceTree = "<group>"; };
		7881E40E135FB42700B4E7F5 /* ObjectiveCTestAppDelegate_iPhone.m */ = {isa = PBXFileReference; lastKnownFileType = sourcecode.c.objc; name = ObjectiveCTestAppDelegate_iPhone.m; path = iPhone/ObjectiveCTestAppDelegate_iPhone.m; sourceTree = "<group>"; };
		7881E411135FB42700B4E7F5 /* en */ = {isa = PBXFileReference; lastKnownFileType = file.xib; name = en; path = iPhone/en.lproj/MainWindow_iPhone.xib; sourceTree = "<group>"; };
		7881E414135FB42700B4E7F5 /* ObjectiveCTestAppDelegate_iPad.h */ = {isa = PBXFileReference; lastKnownFileType = sourcecode.c.h; name = ObjectiveCTestAppDelegate_iPad.h; path = iPad/ObjectiveCTestAppDelegate_iPad.h; sourceTree = "<group>"; };
		7881E415135FB42700B4E7F5 /* ObjectiveCTestAppDelegate_iPad.m */ = {isa = PBXFileReference; lastKnownFileType = sourcecode.c.objc; name = ObjectiveCTestAppDelegate_iPad.m; path = iPad/ObjectiveCTestAppDelegate_iPad.m; sourceTree = "<group>"; };
		7881E418135FB42700B4E7F5 /* en */ = {isa = PBXFileReference; lastKnownFileType = file.xib; name = en; path = iPad/en.lproj/MainWindow_iPad.xib; sourceTree = "<group>"; };
		7881E41F135FB46500B4E7F5 /* MyClass.h */ = {isa = PBXFileReference; fileEncoding = 4; lastKnownFileType = sourcecode.c.h; path = MyClass.h; sourceTree = "<group>"; };
		7881E420135FB46500B4E7F5 /* MyClass.m */ = {isa = PBXFileReference; fileEncoding = 4; lastKnownFileType = sourcecode.c.objc; path = MyClass.m; sourceTree = "<group>"; };
		7881E430135FB93500B4E7F5 /* PlaytomicLogRequest.h */ = {isa = PBXFileReference; fileEncoding = 4; lastKnownFileType = sourcecode.c.h; lineEnding = 0; name = PlaytomicLogRequest.h; path = ../Playtomic/PlaytomicLogRequest.h; sourceTree = "<group>"; xcLanguageSpecificationIdentifier = xcode.lang.objcpp; };
/* End PBXFileReference section */

/* Begin PBXFrameworksBuildPhase section */
		7881E3F3135FB42600B4E7F5 /* Frameworks */ = {
			isa = PBXFrameworksBuildPhase;
			buildActionMask = 2147483647;
			files = (
				47A8B58A14802132007ABEC2 /* Playtomic.framework in Frameworks */,
				476FCF3E147E9F52006C51BA /* SystemConfiguration.framework in Frameworks */,
				7881E3FB135FB42600B4E7F5 /* UIKit.framework in Frameworks */,
				7881E3FD135FB42600B4E7F5 /* Foundation.framework in Frameworks */,
				7881E3FF135FB42600B4E7F5 /* CoreGraphics.framework in Frameworks */,
			);
			runOnlyForDeploymentPostprocessing = 0;
		};
/* End PBXFrameworksBuildPhase section */

/* Begin PBXGroup section */
		7881E3EB135FB42600B4E7F5 = {
			isa = PBXGroup;
			children = (
				47A8B58914802132007ABEC2 /* Playtomic.framework */,
				7881E41F135FB46500B4E7F5 /* MyClass.h */,
				7881E420135FB46500B4E7F5 /* MyClass.m */,
				7881E400135FB42600B4E7F5 /* ObjectiveCTest */,
				7881E3F9135FB42600B4E7F5 /* Frameworks */,
				7881E3F7135FB42600B4E7F5 /* Products */,
			);
			sourceTree = "<group>";
		};
		7881E3F7135FB42600B4E7F5 /* Products */ = {
			isa = PBXGroup;
			children = (
				78565D9C137DDBA60062E5D5 /* ObjectiveCTest.app */,
			);
			name = Products;
			sourceTree = "<group>";
		};
		7881E3F9135FB42600B4E7F5 /* Frameworks */ = {
			isa = PBXGroup;
			children = (
				476FCF3D147E9F52006C51BA /* SystemConfiguration.framework */,
				7881E3FA135FB42600B4E7F5 /* UIKit.framework */,
				7881E3FC135FB42600B4E7F5 /* Foundation.framework */,
				7881E3FE135FB42600B4E7F5 /* CoreGraphics.framework */,
			);
			name = Frameworks;
			sourceTree = "<group>";
		};
		7881E400135FB42600B4E7F5 /* ObjectiveCTest */ = {
			isa = PBXGroup;
			children = (
				7881E409135FB42600B4E7F5 /* ObjectiveCTestAppDelegate.h */,
				7881E40A135FB42600B4E7F5 /* ObjectiveCTestAppDelegate.m */,
				7881E40C135FB42700B4E7F5 /* iPhone */,
				7881E413135FB42700B4E7F5 /* iPad */,
				7881E401135FB42600B4E7F5 /* Supporting Files */,
			);
			path = ObjectiveCTest;
			sourceTree = "<group>";
		};
		7881E401135FB42600B4E7F5 /* Supporting Files */ = {
			isa = PBXGroup;
			children = (
				7881E430135FB93500B4E7F5 /* PlaytomicLogRequest.h */,
				7881E402135FB42600B4E7F5 /* ObjectiveCTest-Info.plist */,
				7881E403135FB42600B4E7F5 /* InfoPlist.strings */,
				7881E406135FB42600B4E7F5 /* ObjectiveCTest-Prefix.pch */,
				7881E407135FB42600B4E7F5 /* main.m */,
			);
			name = "Supporting Files";
			sourceTree = "<group>";
		};
		7881E40C135FB42700B4E7F5 /* iPhone */ = {
			isa = PBXGroup;
			children = (
				7881E40E135FB42700B4E7F5 /* ObjectiveCTestAppDelegate_iPhone.m */,
				7881E40D135FB42700B4E7F5 /* ObjectiveCTestAppDelegate_iPhone.h */,
				7881E410135FB42700B4E7F5 /* MainWindow_iPhone.xib */,
			);
			name = iPhone;
			sourceTree = "<group>";
		};
		7881E413135FB42700B4E7F5 /* iPad */ = {
			isa = PBXGroup;
			children = (
				7881E414135FB42700B4E7F5 /* ObjectiveCTestAppDelegate_iPad.h */,
				7881E415135FB42700B4E7F5 /* ObjectiveCTestAppDelegate_iPad.m */,
				7881E417135FB42700B4E7F5 /* MainWindow_iPad.xib */,
			);
			name = iPad;
			sourceTree = "<group>";
		};
/* End PBXGroup section */

/* Begin PBXNativeTarget section */
		7881E3F5135FB42600B4E7F5 /* ObjectiveCTest */ = {
			isa = PBXNativeTarget;
			buildConfigurationList = 7881E41C135FB42700B4E7F5 /* Build configuration list for PBXNativeTarget "ObjectiveCTest" */;
			buildPhases = (
				7881E3F2135FB42600B4E7F5 /* Sources */,
				7881E3F3135FB42600B4E7F5 /* Frameworks */,
				7881E3F4135FB42600B4E7F5 /* Resources */,
			);
			buildRules = (
			);
			dependencies = (
			);
			name = ObjectiveCTest;
			productName = ObjectiveCTest;
			productReference = 78565D9C137DDBA60062E5D5 /* ObjectiveCTest.app */;
			productType = "com.apple.product-type.application";
		};
/* End PBXNativeTarget section */

/* Begin PBXProject section */
		7881E3ED135FB42600B4E7F5 /* Project object */ = {
			isa = PBXProject;
			attributes = {
				LastUpgradeCheck = 0410;
			};
			buildConfigurationList = 7881E3F0135FB42600B4E7F5 /* Build configuration list for PBXProject "ObjectiveCTest" */;
			compatibilityVersion = "Xcode 3.2";
			developmentRegion = English;
			hasScannedForEncodings = 0;
			knownRegions = (
				en,
			);
			mainGroup = 7881E3EB135FB42600B4E7F5;
			productRefGroup = 7881E3F7135FB42600B4E7F5 /* Products */;
			projectDirPath = "";
			projectRoot = "";
			targets = (
				7881E3F5135FB42600B4E7F5 /* ObjectiveCTest */,
			);
		};
/* End PBXProject section */

/* Begin PBXResourcesBuildPhase section */
		7881E3F4135FB42600B4E7F5 /* Resources */ = {
			isa = PBXResourcesBuildPhase;
			buildActionMask = 2147483647;
			files = (
				7881E405135FB42600B4E7F5 /* InfoPlist.strings in Resources */,
				7881E412135FB42700B4E7F5 /* MainWindow_iPhone.xib in Resources */,
				7881E419135FB42700B4E7F5 /* MainWindow_iPad.xib in Resources */,
			);
			runOnlyForDeploymentPostprocessing = 0;
		};
/* End PBXResourcesBuildPhase section */

/* Begin PBXSourcesBuildPhase section */
		7881E3F2135FB42600B4E7F5 /* Sources */ = {
			isa = PBXSourcesBuildPhase;
			buildActionMask = 2147483647;
			files = (
				7881E408135FB42600B4E7F5 /* main.m in Sources */,
				7881E40B135FB42600B4E7F5 /* ObjectiveCTestAppDelegate.m in Sources */,
				7881E40F135FB42700B4E7F5 /* ObjectiveCTestAppDelegate_iPhone.m in Sources */,
				7881E416135FB42700B4E7F5 /* ObjectiveCTestAppDelegate_iPad.m in Sources */,
				7881E421135FB46600B4E7F5 /* MyClass.m in Sources */,
			);
			runOnlyForDeploymentPostprocessing = 0;
		};
/* End PBXSourcesBuildPhase section */

/* Begin PBXVariantGroup section */
		7881E403135FB42600B4E7F5 /* InfoPlist.strings */ = {
			isa = PBXVariantGroup;
			children = (
				7881E404135FB42600B4E7F5 /* en */,
			);
			name = InfoPlist.strings;
			sourceTree = "<group>";
		};
		7881E410135FB42700B4E7F5 /* MainWindow_iPhone.xib */ = {
			isa = PBXVariantGroup;
			children = (
				7881E411135FB42700B4E7F5 /* en */,
			);
			name = MainWindow_iPhone.xib;
			sourceTree = "<group>";
		};
		7881E417135FB42700B4E7F5 /* MainWindow_iPad.xib */ = {
			isa = PBXVariantGroup;
			children = (
				7881E418135FB42700B4E7F5 /* en */,
			);
			name = MainWindow_iPad.xib;
			sourceTree = "<group>";
		};
/* End PBXVariantGroup section */

/* Begin XCBuildConfiguration section */
		7881E41A135FB42700B4E7F5 /* Debug */ = {
			isa = XCBuildConfiguration;
			buildSettings = {
				ARCHS = "$(ARCHS_STANDARD_32_BIT)";
				"CODE_SIGN_IDENTITY[sdk=iphoneos*]" = "iPhone Developer";
				GCC_C_LANGUAGE_STANDARD = gnu99;
				GCC_OPTIMIZATION_LEVEL = 0;
				GCC_PREPROCESSOR_DEFINITIONS = DEBUG;
				GCC_SYMBOLS_PRIVATE_EXTERN = NO;
				GCC_VERSION = com.apple.compilers.llvmgcc42;
				GCC_WARN_ABOUT_RETURN_TYPE = YES;
				GCC_WARN_UNUSED_VARIABLE = YES;
				IPHONEOS_DEPLOYMENT_TARGET = 4.2;
				SDKROOT = iphoneos4.2;
				TARGETED_DEVICE_FAMILY = "1,2";
			};
			name = Debug;
		};
		7881E41B135FB42700B4E7F5 /* Release */ = {
			isa = XCBuildConfiguration;
			buildSettings = {
				ARCHS = "$(ARCHS_STANDARD_32_BIT)";
				"CODE_SIGN_IDENTITY[sdk=iphoneos*]" = "iPhone Developer";
				GCC_C_LANGUAGE_STANDARD = gnu99;
				GCC_VERSION = com.apple.compilers.llvmgcc42;
				GCC_WARN_ABOUT_RETURN_TYPE = YES;
				GCC_WARN_UNUSED_VARIABLE = YES;
				IPHONEOS_DEPLOYMENT_TARGET = 4.2;
				OTHER_CFLAGS = "-DNS_BLOCK_ASSERTIONS=1";
				SDKROOT = iphoneos4.2;
				TARGETED_DEVICE_FAMILY = "1,2";
			};
			name = Release;
		};
		7881E41D135FB42700B4E7F5 /* Debug */ = {
			isa = XCBuildConfiguration;
			buildSettings = {
				ALWAYS_SEARCH_USER_PATHS = NO;
				CLANG_ENABLE_OBJC_ARC = YES;
				COPY_PHASE_STRIP = NO;
				FRAMEWORK_SEARCH_PATHS = (
					"$(inherited)",
					"\"$(SRCROOT)\"/**",
					"\"$(SRCROOT)/../Playtomic/build/Framework\"",
				);
				GCC_DYNAMIC_NO_PIC = NO;
				GCC_PRECOMPILE_PREFIX_HEADER = YES;
				GCC_PREFIX_HEADER = "ObjectiveCTest/ObjectiveCTest-Prefix.pch";
				GCC_VERSION = com.apple.compilers.llvm.clang.1_0;
				INFOPLIST_FILE = "ObjectiveCTest/ObjectiveCTest-Info.plist";
				IPHONEOS_DEPLOYMENT_TARGET = 5.0;
				LIBRARY_SEARCH_PATHS = "$(inherited)";
				PRODUCT_NAME = "$(TARGET_NAME)";
				SDKROOT = iphoneos;
				TARGETED_DEVICE_FAMILY = "1,2";
				WRAPPER_EXTENSION = app;
			};
			name = Debug;
		};
		7881E41E135FB42700B4E7F5 /* Release */ = {
			isa = XCBuildConfiguration;
			buildSettings = {
				ALWAYS_SEARCH_USER_PATHS = NO;
				CLANG_ENABLE_OBJC_ARC = YES;
				COPY_PHASE_STRIP = YES;
				FRAMEWORK_SEARCH_PATHS = (
					"$(inherited)",
					"\"$(SRCROOT)\"/**",
					"\"$(SRCROOT)/../Playtomic/build/Framework\"",
				);
				GCC_PRECOMPILE_PREFIX_HEADER = YES;
				GCC_PREFIX_HEADER = "ObjectiveCTest/ObjectiveCTest-Prefix.pch";
				GCC_VERSION = com.apple.compilers.llvm.clang.1_0;
				INFOPLIST_FILE = "ObjectiveCTest/ObjectiveCTest-Info.plist";
				IPHONEOS_DEPLOYMENT_TARGET = 5.0;
				LIBRARY_SEARCH_PATHS = "$(inherited)";
				PRODUCT_NAME = "$(TARGET_NAME)";
				SDKROOT = iphoneos;
				TARGETED_DEVICE_FAMILY = "1,2";
				VALIDATE_PRODUCT = YES;
				WRAPPER_EXTENSION = app;
			};
			name = Release;
		};
/* End XCBuildConfiguration section */

/* Begin XCConfigurationList section */
		7881E3F0135FB42600B4E7F5 /* Build configuration list for PBXProject "ObjectiveCTest" */ = {
			isa = XCConfigurationList;
			buildConfigurations = (
				7881E41A135FB42700B4E7F5 /* Debug */,
				7881E41B135FB42700B4E7F5 /* Release */,
			);
			defaultConfigurationIsVisible = 0;
			defaultConfigurationName = Release;
		};
		7881E41C135FB42700B4E7F5 /* Build configuration list for PBXNativeTarget "ObjectiveCTest" */ = {
			isa = XCConfigurationList;
			buildConfigurations = (
				7881E41D135FB42700B4E7F5 /* Debug */,
				7881E41E135FB42700B4E7F5 /* Release */,
			);
			defaultConfigurationIsVisible = 0;
			defaultConfigurationName = Release;
		};
/* End XCConfigurationList section */
	};
	rootObject = 7881E3ED135FB42600B4E7F5 /* Project object */;
}
